
Microsoft Visual Studio Solution File, Format Version 12.00
# Visual Studio Version 17
VisualStudioVersion = 17.0.31903.59
MinimumVisualStudioVersion = 10.0.40219.1
Project("{FAE04EC0-301F-11D3-BF4B-00C04F79EFBC}") = "demo_graphql", "demo_graphql.csproj", "{8389AAF8-6D22-4834-B960-B5472E1BBE9A}"
EndProject
Global
	GlobalSection(SolutionConfigurationPlatforms) = preSolution
		Debug|Any CPU = Debug|Any CPU
		Release|Any CPU = Release|Any CPU
	EndGlobalSection
	GlobalSection(SolutionProperties) = preSolution
		HideSolutionNode = FALSE
	EndGlobalSection
	GlobalSection(ProjectConfigurationPlatforms) = postSolution
		{8389AAF8-6D22-4834-B960-B5472E1BBE9A}.Debug|Any CPU.ActiveCfg = Debug|Any CPU
		{8389AAF8-6D22-4834-B960-B5472E1BBE9A}.Debug|Any CPU.Build.0 = Debug|Any CPU
		{8389AAF8-6D22-4834-B960-B5472E1BBE9A}.Release|Any CPU.ActiveCfg = Release|Any CPU
		{8389AAF8-6D22-4834-B960-B5472E1BBE9A}.Release|Any CPU.Build.0 = Release|Any CPU
	EndGlobalSection
EndGlobal
